
Microsoft Visual Studio Solution File, Format Version 12.00
# Visual Studio 14
VisualStudioVersion = 14.0.24720.0
MinimumVisualStudioVersion = 10.0.40219.1
Project("{FAE04EC0-301F-11D3-BF4B-00C04F79EFBC}") = "Ecclesion.OHP", "Ecclesion.OHP\Ecclesion.OHP.csproj", "{72384CF6-B624-4F80-8C92-6AB6122427B4}"
EndProject
Project("{FAE04EC0-301F-11D3-BF4B-00C04F79EFBC}") = "Ecclesion.OHP.Core", "Ecclesion.OHP.Core\Ecclesion.OHP.Core.csproj", "{F7F081EA-F11D-448E-9CB9-D07167683450}"
EndProject
Global
	GlobalSection(SolutionConfigurationPlatforms) = preSolution
		Debug|Any CPU = Debug|Any CPU
		Release|Any CPU = Release|Any CPU
	EndGlobalSection
	GlobalSection(ProjectConfigurationPlatforms) = postSolution
		{72384CF6-B624-4F80-8C92-6AB6122427B4}.Debug|Any CPU.ActiveCfg = Debug|Any CPU
		{72384CF6-B624-4F80-8C92-6AB6122427B4}.Debug|Any CPU.Build.0 = Debug|Any CPU
		{72384CF6-B624-4F80-8C92-6AB6122427B4}.Release|Any CPU.ActiveCfg = Release|Any CPU
		{72384CF6-B624-4F80-8C92-6AB6122427B4}.Release|Any CPU.Build.0 = Release|Any CPU
		{F7F081EA-F11D-448E-9CB9-D07167683450}.Debug|Any CPU.ActiveCfg = Debug|Any CPU
		{F7F081EA-F11D-448E-9CB9-D07167683450}.Debug|Any CPU.Build.0 = Debug|Any CPU
		{F7F081EA-F11D-448E-9CB9-D07167683450}.Release|Any CPU.ActiveCfg = Release|Any CPU
		{F7F081EA-F11D-448E-9CB9-D07167683450}.Release|Any CPU.Build.0 = Release|Any CPU
	EndGlobalSection
	GlobalSection(SolutionProperties) = preSolution
		HideSolutionNode = FALSE
	EndGlobalSection
EndGlobal
